
Microsoft Visual Studio Solution File, Format Version 12.00
# Visual Studio Version 16
VisualStudioVersion = 16.0.30413.136
MinimumVisualStudioVersion = 10.0.40219.1
Project("{FAE04EC0-301F-11D3-BF4B-00C04F79EFBC}") = "Smart Home App", "Smart Home App.csproj", "{204F2D3E-D763-4C3D-965E-EDA50EE18EA4}"
EndProject
Global
	GlobalSection(SolutionConfigurationPlatforms) = preSolution
		Debug|Any CPU = Debug|Any CPU
		Release|Any CPU = Release|Any CPU
	EndGlobalSection
	GlobalSection(ProjectConfigurationPlatforms) = postSolution
		{204F2D3E-D763-4C3D-965E-EDA50EE18EA4}.Debug|Any CPU.ActiveCfg = Debug|Any CPU
		{204F2D3E-D763-4C3D-965E-EDA50EE18EA4}.Debug|Any CPU.Build.0 = Debug|Any CPU
		{204F2D3E-D763-4C3D-965E-EDA50EE18EA4}.Release|Any CPU.ActiveCfg = Release|Any CPU
		{204F2D3E-D763-4C3D-965E-EDA50EE18EA4}.Release|Any CPU.Build.0 = Release|Any CPU
	EndGlobalSection
	GlobalSection(SolutionProperties) = preSolution
		HideSolutionNode = FALSE
	EndGlobalSection
	GlobalSection(ExtensibilityGlobals) = postSolution
		SolutionGuid = {BF5B6EB0-A231-4444-8725-09F2560A8C80}
	EndGlobalSection
EndGlobal
